
Microsoft Visual Studio Solution File, Format Version 12.00
# Visual Studio Version 16
VisualStudioVersion = 16.0.31025.194
MinimumVisualStudioVersion = 10.0.40219.1
Project("{FAE04EC0-301F-11D3-BF4B-00C04F79EFBC}") = "TicTacToe", "TicTacToe\TicTacToe.csproj", "{B6C3FEB6-650C-4A43-888B-63190E40F3FF}"
EndProject
Global
	GlobalSection(SolutionConfigurationPlatforms) = preSolution
		Debug|Any CPU = Debug|Any CPU
		Release|Any CPU = Release|Any CPU
	EndGlobalSection
	GlobalSection(ProjectConfigurationPlatforms) = postSolution
		{B6C3FEB6-650C-4A43-888B-63190E40F3FF}.Debug|Any CPU.ActiveCfg = Debug|Any CPU
		{B6C3FEB6-650C-4A43-888B-63190E40F3FF}.Debug|Any CPU.Build.0 = Debug|Any CPU
		{B6C3FEB6-650C-4A43-888B-63190E40F3FF}.Release|Any CPU.ActiveCfg = Release|Any CPU
		{B6C3FEB6-650C-4A43-888B-63190E40F3FF}.Release|Any CPU.Build.0 = Release|Any CPU
	EndGlobalSection
	GlobalSection(SolutionProperties) = preSolution
		HideSolutionNode = FALSE
	EndGlobalSection
	GlobalSection(ExtensibilityGlobals) = postSolution
		SolutionGuid = {BD068459-571E-49AE-A228-5043E80E602D}
	EndGlobalSection
EndGlobal
